
Microsoft Visual Studio Solution File, Format Version 12.00
# Visual Studio Version 17
VisualStudioVersion = 17.2.32616.157
MinimumVisualStudioVersion = 10.0.40219.1
Project("{9A19103F-16F7-4668-BE54-9A1E7A4F7556}") = "aspnetcore-upload", "aspnetcore-upload.csproj", "{20E3500B-80A6-47AD-9F33-FD56EE02A08B}"
EndProject
Global
	GlobalSection(SolutionConfigurationPlatforms) = preSolution
		Debug|Any CPU = Debug|Any CPU
		Release|Any CPU = Release|Any CPU
	EndGlobalSection
	GlobalSection(ProjectConfigurationPlatforms) = postSolution
		{20E3500B-80A6-47AD-9F33-FD56EE02A08B}.Debug|Any CPU.ActiveCfg = Debug|Any CPU
		{20E3500B-80A6-47AD-9F33-FD56EE02A08B}.Debug|Any CPU.Build.0 = Debug|Any CPU
		{20E3500B-80A6-47AD-9F33-FD56EE02A08B}.Release|Any CPU.ActiveCfg = Release|Any CPU
		{20E3500B-80A6-47AD-9F33-FD56EE02A08B}.Release|Any CPU.Build.0 = Release|Any CPU
	EndGlobalSection
	GlobalSection(SolutionProperties) = preSolution
		HideSolutionNode = FALSE
	EndGlobalSection
	GlobalSection(ExtensibilityGlobals) = postSolution
		SolutionGuid = {AE3EE58A-5113-4971-8A51-61D4A277BC40}
	EndGlobalSection
EndGlobal
